
Microsoft Visual Studio Solution File, Format Version 12.00
# Visual Studio Version 17
VisualStudioVersion = 17.11.35219.272
MinimumVisualStudioVersion = 10.0.40219.1
Project("{9A19103F-16F7-4668-BE54-9A1E7A4F7556}") = "03-Routing–Verbs-Web-Api", "03-Routing–Verbs-Web-Api\03-Routing–Verbs-Web-Api.csproj", "{28F07CBC-CCB7-4D42-848A-55459A3D68AB}"
EndProject
Global
	GlobalSection(SolutionConfigurationPlatforms) = preSolution
		Debug|Any CPU = Debug|Any CPU
		Release|Any CPU = Release|Any CPU
	EndGlobalSection
	GlobalSection(ProjectConfigurationPlatforms) = postSolution
		{28F07CBC-CCB7-4D42-848A-55459A3D68AB}.Debug|Any CPU.ActiveCfg = Debug|Any CPU
		{28F07CBC-CCB7-4D42-848A-55459A3D68AB}.Debug|Any CPU.Build.0 = Debug|Any CPU
		{28F07CBC-CCB7-4D42-848A-55459A3D68AB}.Release|Any CPU.ActiveCfg = Release|Any CPU
		{28F07CBC-CCB7-4D42-848A-55459A3D68AB}.Release|Any CPU.Build.0 = Release|Any CPU
	EndGlobalSection
	GlobalSection(SolutionProperties) = preSolution
		HideSolutionNode = FALSE
	EndGlobalSection
	GlobalSection(ExtensibilityGlobals) = postSolution
		SolutionGuid = {6452DFBC-264F-4999-81B2-9DD3658FB3EB}
	EndGlobalSection
EndGlobal
